// !$*UTF8*$!
{
	archiveVersion = 1;
	classes = {
	};
	objectVersion = 56;
	objects = {

/* Begin PBXBuildFile section */
		04DDB91E2B3935090081A9B9 /* S0162.swift in Sources */ = {isa = PBXBuildFile; fileRef = 04DDB91D2B3935090081A9B9 /* S0162.swift */; };
		04DDB9232B3935AF0081A9B9 /* S1276.swift in Sources */ = {isa = PBXBuildFile; fileRef = 04DDB9222B3935AF0081A9B9 /* S1276.swift */; };
/* End PBXBuildFile section */

/* Begin PBXCopyFilesBuildPhase section */
		04321A4F2B301A180007ABD5 /* CopyFiles */ = {
			isa = PBXCopyFilesBuildPhase;
			buildActionMask = 2147483647;
			dstPath = /usr/share/man/man1/;
			dstSubfolderSpec = 0;
			files = (
			);
			runOnlyForDeploymentPostprocessing = 1;
		};
/* End PBXCopyFilesBuildPhase section */

/* Begin PBXFileReference section */
		04321A512B301A180007ABD5 /* leetcode */ = {isa = PBXFileReference; explicitFileType = "compiled.mach-o.executable"; includeInIndex = 0; path = leetcode; sourceTree = BUILT_PRODUCTS_DIR; };
		047B4B1E2B4814F800CC49A6 /* t1501_t2000 */ = {isa = PBXFileReference; lastKnownFileType = folder; path = t1501_t2000; sourceTree = "<group>"; };
		04DDB91D2B3935090081A9B9 /* S0162.swift */ = {isa = PBXFileReference; lastKnownFileType = sourcecode.swift; path = S0162.swift; sourceTree = "<group>"; };
		04DDB9222B3935AF0081A9B9 /* S1276.swift */ = {isa = PBXFileReference; lastKnownFileType = sourcecode.swift; path = S1276.swift; sourceTree = "<group>"; };
		04E02DB92B3BC53B009AE733 /* t2501_t3000 */ = {isa = PBXFileReference; lastKnownFileType = folder; path = t2501_t3000; sourceTree = "<group>"; };
/* End PBXFileReference section */

/* Begin PBXFrameworksBuildPhase section */
		04321A4E2B301A180007ABD5 /* Frameworks */ = {
			isa = PBXFrameworksBuildPhase;
			buildActionMask = 2147483647;
			files = (
			);
			runOnlyForDeploymentPostprocessing = 0;
		};
/* End PBXFrameworksBuildPhase section */

/* Begin PBXGroup section */
		04321A482B301A180007ABD5 = {
			isa = PBXGroup;
			children = (
				04DDB9162B3934720081A9B9 /* src */,
				04321A522B301A180007ABD5 /* Products */,
			);
			sourceTree = "<group>";
		};
		04321A522B301A180007ABD5 /* Products */ = {
			isa = PBXGroup;
			children = (
				04321A512B301A180007ABD5 /* leetcode */,
			);
			name = Products;
			sourceTree = "<group>";
		};
		04DDB9162B3934720081A9B9 /* src */ = {
			isa = PBXGroup;
			children = (
				04DDB9182B3934A10081A9B9 /* main */,
			);
			path = src;
			sourceTree = "<group>";
		};
		04DDB9172B39347D0081A9B9 /* swift */ = {
			isa = PBXGroup;
			children = (
				04DDB91A2B3934C60081A9B9 /* t0001_t0500 */,
				04DDB91F2B3935200081A9B9 /* t1001_t1500 */,
				047B4B1E2B4814F800CC49A6 /* t1501_t2000 */,
				04E02DB92B3BC53B009AE733 /* t2501_t3000 */,
			);
			path = swift;
			sourceTree = "<group>";
		};
		04DDB9182B3934A10081A9B9 /* main */ = {
			isa = PBXGroup;
			children = (
				04DDB9172B39347D0081A9B9 /* swift */,
			);
			path = main;
			sourceTree = "<group>";
		};
		04DDB91A2B3934C60081A9B9 /* t0001_t0500 */ = {
			isa = PBXGroup;
			children = (
				04DDB91B2B3934D00081A9B9 /* t0101_t0200 */,
			);
			path = t0001_t0500;
			sourceTree = "<group>";
		};
		04DDB91B2B3934D00081A9B9 /* t0101_t0200 */ = {
			isa = PBXGroup;
			children = (
				04DDB91C2B3934D80081A9B9 /* t0161_t0170 */,
			);
			path = t0101_t0200;
			sourceTree = "<group>";
		};
		04DDB91C2B3934D80081A9B9 /* t0161_t0170 */ = {
			isa = PBXGroup;
			children = (
				04DDB91D2B3935090081A9B9 /* S0162.swift */,
			);
			path = t0161_t0170;
			sourceTree = "<group>";
		};
		04DDB91F2B3935200081A9B9 /* t1001_t1500 */ = {
			isa = PBXGroup;
			children = (
				04DDB9202B3935270081A9B9 /* t1201_t1300 */,
			);
			path = t1001_t1500;
			sourceTree = "<group>";
		};
		04DDB9202B3935270081A9B9 /* t1201_t1300 */ = {
			isa = PBXGroup;
			children = (
				04DDB9212B39352F0081A9B9 /* t1271_t1280 */,
			);
			path = t1201_t1300;
			sourceTree = "<group>";
		};
		04DDB9212B39352F0081A9B9 /* t1271_t1280 */ = {
			isa = PBXGroup;
			children = (
				04DDB9222B3935AF0081A9B9 /* S1276.swift */,
			);
			path = t1271_t1280;
			sourceTree = "<group>";
		};
/* End PBXGroup section */

/* Begin PBXNativeTarget section */
		04321A502B301A180007ABD5 /* leetcode */ = {
			isa = PBXNativeTarget;
			buildConfigurationList = 04321A582B301A180007ABD5 /* Build configuration list for PBXNativeTarget "leetcode" */;
			buildPhases = (
				04321A4D2B301A180007ABD5 /* Sources */,
				04321A4E2B301A180007ABD5 /* Frameworks */,
				04321A4F2B301A180007ABD5 /* CopyFiles */,
			);
			buildRules = (
			);
			dependencies = (
			);
			name = leetcode;
			productName = leetcode;
			productReference = 04321A512B301A180007ABD5 /* leetcode */;
			productType = "com.apple.product-type.tool";
		};
/* End PBXNativeTarget section */

/* Begin PBXProject section */
		04321A492B301A180007ABD5 /* Project object */ = {
			isa = PBXProject;
			attributes = {
				BuildIndependentTargetsInParallel = 1;
				LastSwiftUpdateCheck = 1500;
				LastUpgradeCheck = 1500;
				TargetAttributes = {
					04321A502B301A180007ABD5 = {
						CreatedOnToolsVersion = 15.0.1;
						LastSwiftMigration = 1500;
					};
				};
			};
			buildConfigurationList = 04321A4C2B301A180007ABD5 /* Build configuration list for PBXProject "leetcode" */;
			compatibilityVersion = "Xcode 14.0";
			developmentRegion = en;
			hasScannedForEncodings = 0;
			knownRegions = (
				en,
				Base,
			);
			mainGroup = 04321A482B301A180007ABD5;
			productRefGroup = 04321A522B301A180007ABD5 /* Products */;
			projectDirPath = "";
			projectRoot = "";
			targets = (
				04321A502B301A180007ABD5 /* leetcode */,
			);
		};
/* End PBXProject section */

/* Begin PBXSourcesBuildPhase section */
		04321A4D2B301A180007ABD5 /* Sources */ = {
			isa = PBXSourcesBuildPhase;
			buildActionMask = 2147483647;
			files = (
				04DDB91E2B3935090081A9B9 /* S0162.swift in Sources */,
				04DDB9232B3935AF0081A9B9 /* S1276.swift in Sources */,
			);
			runOnlyForDeploymentPostprocessing = 0;
		};
/* End PBXSourcesBuildPhase section */

/* Begin XCBuildConfiguration section */
		04321A562B301A180007ABD5 /* Debug */ = {
			isa = XCBuildConfiguration;
			buildSettings = {
				ALWAYS_SEARCH_USER_PATHS = NO;
				ASSETCATALOG_COMPILER_GENERATE_SWIFT_ASSET_SYMBOL_EXTENSIONS = YES;
				CLANG_ANALYZER_NONNULL = YES;
				CLANG_ANALYZER_NUMBER_OBJECT_CONVERSION = YES_AGGRESSIVE;
				CLANG_CXX_LANGUAGE_STANDARD = "gnu++20";
				CLANG_ENABLE_MODULES = YES;
				CLANG_ENABLE_OBJC_ARC = YES;
				CLANG_ENABLE_OBJC_WEAK = YES;
				CLANG_WARN_BLOCK_CAPTURE_AUTORELEASING = YES;
				CLANG_WARN_BOOL_CONVERSION = YES;
				CLANG_WARN_COMMA = YES;
				CLANG_WARN_CONSTANT_CONVERSION = YES;
				CLANG_WARN_DEPRECATED_OBJC_IMPLEMENTATIONS = YES;
				CLANG_WARN_DIRECT_OBJC_ISA_USAGE = YES_ERROR;
				CLANG_WARN_DOCUMENTATION_COMMENTS = YES;
				CLANG_WARN_EMPTY_BODY = YES;
				CLANG_WARN_ENUM_CONVERSION = YES;
				CLANG_WARN_INFINITE_RECURSION = YES;
				CLANG_WARN_INT_CONVERSION = YES;
				CLANG_WARN_NON_LITERAL_NULL_CONVERSION = YES;
				CLANG_WARN_OBJC_IMPLICIT_RETAIN_SELF = YES;
				CLANG_WARN_OBJC_LITERAL_CONVERSION = YES;
				CLANG_WARN_OBJC_ROOT_CLASS = YES_ERROR;
				CLANG_WARN_QUOTED_INCLUDE_IN_FRAMEWORK_HEADER = YES;
				CLANG_WARN_RANGE_LOOP_ANALYSIS = YES;
				CLANG_WARN_STRICT_PROTOTYPES = YES;
				CLANG_WARN_SUSPICIOUS_MOVE = YES;
				CLANG_WARN_UNGUARDED_AVAILABILITY = YES_AGGRESSIVE;
				CLANG_WARN_UNREACHABLE_CODE = YES;
				CLANG_WARN__DUPLICATE_METHOD_MATCH = YES;
				COPY_PHASE_STRIP = NO;
				DEBUG_INFORMATION_FORMAT = dwarf;
				ENABLE_STRICT_OBJC_MSGSEND = YES;
				ENABLE_TESTABILITY = YES;
				ENABLE_USER_SCRIPT_SANDBOXING = YES;
				GCC_C_LANGUAGE_STANDARD = gnu17;
				GCC_DYNAMIC_NO_PIC = NO;
				GCC_NO_COMMON_BLOCKS = YES;
				GCC_OPTIMIZATION_LEVEL = 0;
				GCC_PREPROCESSOR_DEFINITIONS = (
					"DEBUG=1",
					"$(inherited)",
				);
				GCC_WARN_64_TO_32_BIT_CONVERSION = YES;
				GCC_WARN_ABOUT_RETURN_TYPE = YES_ERROR;
				GCC_WARN_UNDECLARED_SELECTOR = YES;
				GCC_WARN_UNINITIALIZED_AUTOS = YES_AGGRESSIVE;
				GCC_WARN_UNUSED_FUNCTION = YES;
				GCC_WARN_UNUSED_VARIABLE = YES;
				LOCALIZATION_PREFERS_STRING_CATALOGS = YES;
				MACOSX_DEPLOYMENT_TARGET = 14.0;
				MTL_ENABLE_DEBUG_INFO = INCLUDE_SOURCE;
				MTL_FAST_MATH = YES;
				ONLY_ACTIVE_ARCH = YES;
				SDKROOT = macosx;
				SWIFT_ACTIVE_COMPILATION_CONDITIONS = "DEBUG $(inherited)";
				SWIFT_OPTIMIZATION_LEVEL = "-Onone";
			};
			name = Debug;
		};
		04321A572B301A180007ABD5 /* Release */ = {
			isa = XCBuildConfiguration;
			buildSettings = {
				ALWAYS_SEARCH_USER_PATHS = NO;
				ASSETCATALOG_COMPILER_GENERATE_SWIFT_ASSET_SYMBOL_EXTENSIONS = YES;
				CLANG_ANALYZER_NONNULL = YES;
				CLANG_ANALYZER_NUMBER_OBJECT_CONVERSION = YES_AGGRESSIVE;
				CLANG_CXX_LANGUAGE_STANDARD = "gnu++20";
				CLANG_ENABLE_MODULES = YES;
				CLANG_ENABLE_OBJC_ARC = YES;
				CLANG_ENABLE_OBJC_WEAK = YES;
				CLANG_WARN_BLOCK_CAPTURE_AUTORELEASING = YES;
				CLANG_WARN_BOOL_CONVERSION = YES;
				CLANG_WARN_COMMA = YES;
				CLANG_WARN_CONSTANT_CONVERSION = YES;
				CLANG_WARN_DEPRECATED_OBJC_IMPLEMENTATIONS = YES;
				CLANG_WARN_DIRECT_OBJC_ISA_USAGE = YES_ERROR;
				CLANG_WARN_DOCUMENTATION_COMMENTS = YES;
				CLANG_WARN_EMPTY_BODY = YES;
				CLANG_WARN_ENUM_CONVERSION = YES;
				CLANG_WARN_INFINITE_RECURSION = YES;
				CLANG_WARN_INT_CONVERSION = YES;
				CLANG_WARN_NON_LITERAL_NULL_CONVERSION = YES;
				CLANG_WARN_OBJC_IMPLICIT_RETAIN_SELF = YES;
				CLANG_WARN_OBJC_LITERAL_CONVERSION = YES;
				CLANG_WARN_OBJC_ROOT_CLASS = YES_ERROR;
				CLANG_WARN_QUOTED_INCLUDE_IN_FRAMEWORK_HEADER = YES;
				CLANG_WARN_RANGE_LOOP_ANALYSIS = YES;
				CLANG_WARN_STRICT_PROTOTYPES = YES;
				CLANG_WARN_SUSPICIOUS_MOVE = YES;
				CLANG_WARN_UNGUARDED_AVAILABILITY = YES_AGGRESSIVE;
				CLANG_WARN_UNREACHABLE_CODE = YES;
				CLANG_WARN__DUPLICATE_METHOD_MATCH = YES;
				COPY_PHASE_STRIP = NO;
				DEBUG_INFORMATION_FORMAT = "dwarf-with-dsym";
				ENABLE_NS_ASSERTIONS = NO;
				ENABLE_STRICT_OBJC_MSGSEND = YES;
				ENABLE_USER_SCRIPT_SANDBOXING = YES;
				GCC_C_LANGUAGE_STANDARD = gnu17;
				GCC_NO_COMMON_BLOCKS = YES;
				GCC_WARN_64_TO_32_BIT_CONVERSION = YES;
				GCC_WARN_ABOUT_RETURN_TYPE = YES_ERROR;
				GCC_WARN_UNDECLARED_SELECTOR = YES;
				GCC_WARN_UNINITIALIZED_AUTOS = YES_AGGRESSIVE;
				GCC_WARN_UNUSED_FUNCTION = YES;
				GCC_WARN_UNUSED_VARIABLE = YES;
				LOCALIZATION_PREFERS_STRING_CATALOGS = YES;
				MACOSX_DEPLOYMENT_TARGET = 14.0;
				MTL_ENABLE_DEBUG_INFO = NO;
				MTL_FAST_MATH = YES;
				SDKROOT = macosx;
				SWIFT_COMPILATION_MODE = wholemodule;
			};
			name = Release;
		};
		04321A592B301A180007ABD5 /* Debug */ = {
			isa = XCBuildConfiguration;
			buildSettings = {
				CLANG_ENABLE_MODULES = YES;
				CODE_SIGN_STYLE = Automatic;
				PRODUCT_NAME = "$(TARGET_NAME)";
				SWIFT_OPTIMIZATION_LEVEL = "-Onone";
				SWIFT_VERSION = 5.0;
			};
			name = Debug;
		};
		04321A5A2B301A180007ABD5 /* Release */ = {
			isa = XCBuildConfiguration;
			buildSettings = {
				CLANG_ENABLE_MODULES = YES;
				CODE_SIGN_STYLE = Automatic;
				PRODUCT_NAME = "$(TARGET_NAME)";
				SWIFT_VERSION = 5.0;
			};
			name = Release;
		};
/* End XCBuildConfiguration section */

/* Begin XCConfigurationList section */
		04321A4C2B301A180007ABD5 /* Build configuration list for PBXProject "leetcode" */ = {
			isa = XCConfigurationList;
			buildConfigurations = (
				04321A562B301A180007ABD5 /* Debug */,
				04321A572B301A180007ABD5 /* Release */,
			);
			defaultConfigurationIsVisible = 0;
			defaultConfigurationName = Release;
		};
		04321A582B301A180007ABD5 /* Build configuration list for PBXNativeTarget "leetcode" */ = {
			isa = XCConfigurationList;
			buildConfigurations = (
				04321A592B301A180007ABD5 /* Debug */,
				04321A5A2B301A180007ABD5 /* Release */,
			);
			defaultConfigurationIsVisible = 0;
			defaultConfigurationName = Release;
		};
/* End XCConfigurationList section */
	};
	rootObject = 04321A492B301A180007ABD5 /* Project object */;
}
